
Microsoft Visual Studio Solution File, Format Version 11.00
# Visual Studio 2010
Project("{FAE04EC0-301F-11D3-BF4B-00C04F79EFBC}") = "NContrib", "NContrib\NContrib.csproj", "{0814E816-B49E-416B-83D6-232E1DD8DD37}"
EndProject
Project("{FAE04EC0-301F-11D3-BF4B-00C04F79EFBC}") = "NContrib.Tests", "NContrib.Tests\NContrib.Tests.csproj", "{41063360-C3FC-4EFE-819B-7FAF2516FCA8}"
EndProject
Project("{FAE04EC0-301F-11D3-BF4B-00C04F79EFBC}") = "NContrib4", "NContrib4\NContrib4.csproj", "{9550126D-B6E4-4B8B-99B6-37947159FFDE}"
EndProject
Project("{FAE04EC0-301F-11D3-BF4B-00C04F79EFBC}") = "NContrib.International", "NContrib.International\NContrib.International.csproj", "{9C062AEC-B6F7-4612-BF5B-13EC4C3D266F}"
EndProject
Project("{FAE04EC0-301F-11D3-BF4B-00C04F79EFBC}") = "NContrib.Drawing", "NContrib.Drawing\NContrib.Drawing.csproj", "{0A962129-1F9E-447C-91D6-E5B5CC2E2077}"
EndProject
Project("{FAE04EC0-301F-11D3-BF4B-00C04F79EFBC}") = "NContrib.Web", "NContrib.Web\NContrib.Web.csproj", "{8AD97232-17CD-4874-868E-36BAC39648BE}"
EndProject
Global
	GlobalSection(SolutionConfigurationPlatforms) = preSolution
		Debug|Any CPU = Debug|Any CPU
		Debug|Mixed Platforms = Debug|Mixed Platforms
		Debug|x64 = Debug|x64
		Debug|x86 = Debug|x86
		Release|Any CPU = Release|Any CPU
		Release|Mixed Platforms = Release|Mixed Platforms
		Release|x64 = Release|x64
		Release|x86 = Release|x86
	EndGlobalSection
	GlobalSection(ProjectConfigurationPlatforms) = postSolution
		{0814E816-B49E-416B-83D6-232E1DD8DD37}.Debug|Any CPU.ActiveCfg = Debug|Any CPU
		{0814E816-B49E-416B-83D6-232E1DD8DD37}.Debug|Any CPU.Build.0 = Debug|Any CPU
		{0814E816-B49E-416B-83D6-232E1DD8DD37}.Debug|Mixed Platforms.ActiveCfg = Debug|Any CPU
		{0814E816-B49E-416B-83D6-232E1DD8DD37}.Debug|Mixed Platforms.Build.0 = Debug|Any CPU
		{0814E816-B49E-416B-83D6-232E1DD8DD37}.Debug|x64.ActiveCfg = Debug|x64
		{0814E816-B49E-416B-83D6-232E1DD8DD37}.Debug|x64.Build.0 = Debug|x64
		{0814E816-B49E-416B-83D6-232E1DD8DD37}.Debug|x86.ActiveCfg = Debug|x86
		{0814E816-B49E-416B-83D6-232E1DD8DD37}.Release|Any CPU.ActiveCfg = Release|Any CPU
		{0814E816-B49E-416B-83D6-232E1DD8DD37}.Release|Any CPU.Build.0 = Release|Any CPU
		{0814E816-B49E-416B-83D6-232E1DD8DD37}.Release|Mixed Platforms.ActiveCfg = Release|Any CPU
		{0814E816-B49E-416B-83D6-232E1DD8DD37}.Release|Mixed Platforms.Build.0 = Release|Any CPU
		{0814E816-B49E-416B-83D6-232E1DD8DD37}.Release|x64.ActiveCfg = Release|x64
		{0814E816-B49E-416B-83D6-232E1DD8DD37}.Release|x64.Build.0 = Release|x64
		{0814E816-B49E-416B-83D6-232E1DD8DD37}.Release|x86.ActiveCfg = Release|x86
		{0814E816-B49E-416B-83D6-232E1DD8DD37}.Release|x86.Build.0 = Release|x86
		{41063360-C3FC-4EFE-819B-7FAF2516FCA8}.Debug|Any CPU.ActiveCfg = Debug|Any CPU
		{41063360-C3FC-4EFE-819B-7FAF2516FCA8}.Debug|Any CPU.Build.0 = Debug|Any CPU
		{41063360-C3FC-4EFE-819B-7FAF2516FCA8}.Debug|Mixed Platforms.ActiveCfg = Debug|Any CPU
		{41063360-C3FC-4EFE-819B-7FAF2516FCA8}.Debug|Mixed Platforms.Build.0 = Debug|Any CPU
		{41063360-C3FC-4EFE-819B-7FAF2516FCA8}.Debug|x64.ActiveCfg = Debug|x64
		{41063360-C3FC-4EFE-819B-7FAF2516FCA8}.Debug|x64.Build.0 = Debug|x64
		{41063360-C3FC-4EFE-819B-7FAF2516FCA8}.Debug|x86.ActiveCfg = Debug|x86
		{41063360-C3FC-4EFE-819B-7FAF2516FCA8}.Release|Any CPU.ActiveCfg = Release|Any CPU
		{41063360-C3FC-4EFE-819B-7FAF2516FCA8}.Release|Any CPU.Build.0 = Release|Any CPU
		{41063360-C3FC-4EFE-819B-7FAF2516FCA8}.Release|Mixed Platforms.ActiveCfg = Release|Any CPU
		{41063360-C3FC-4EFE-819B-7FAF2516FCA8}.Release|Mixed Platforms.Build.0 = Release|Any CPU
		{41063360-C3FC-4EFE-819B-7FAF2516FCA8}.Release|x64.ActiveCfg = Release|x64
		{41063360-C3FC-4EFE-819B-7FAF2516FCA8}.Release|x64.Build.0 = Release|x64
		{41063360-C3FC-4EFE-819B-7FAF2516FCA8}.Release|x86.ActiveCfg = Release|x86
		{41063360-C3FC-4EFE-819B-7FAF2516FCA8}.Release|x86.Build.0 = Release|x86
		{9550126D-B6E4-4B8B-99B6-37947159FFDE}.Debug|Any CPU.ActiveCfg = Debug|Any CPU
		{9550126D-B6E4-4B8B-99B6-37947159FFDE}.Debug|Any CPU.Build.0 = Debug|Any CPU
		{9550126D-B6E4-4B8B-99B6-37947159FFDE}.Debug|Mixed Platforms.ActiveCfg = Debug|Any CPU
		{9550126D-B6E4-4B8B-99B6-37947159FFDE}.Debug|Mixed Platforms.Build.0 = Debug|Any CPU
		{9550126D-B6E4-4B8B-99B6-37947159FFDE}.Debug|x64.ActiveCfg = Debug|x64
		{9550126D-B6E4-4B8B-99B6-37947159FFDE}.Debug|x64.Build.0 = Debug|x64
		{9550126D-B6E4-4B8B-99B6-37947159FFDE}.Debug|x86.ActiveCfg = Debug|x86
		{9550126D-B6E4-4B8B-99B6-37947159FFDE}.Release|Any CPU.ActiveCfg = Release|Any CPU
		{9550126D-B6E4-4B8B-99B6-37947159FFDE}.Release|Any CPU.Build.0 = Release|Any CPU
		{9550126D-B6E4-4B8B-99B6-37947159FFDE}.Release|Mixed Platforms.ActiveCfg = Release|Any CPU
		{9550126D-B6E4-4B8B-99B6-37947159FFDE}.Release|Mixed Platforms.Build.0 = Release|Any CPU
		{9550126D-B6E4-4B8B-99B6-37947159FFDE}.Release|x64.ActiveCfg = Release|x64
		{9550126D-B6E4-4B8B-99B6-37947159FFDE}.Release|x64.Build.0 = Release|x64
		{9550126D-B6E4-4B8B-99B6-37947159FFDE}.Release|x86.ActiveCfg = Release|x86
		{9550126D-B6E4-4B8B-99B6-37947159FFDE}.Release|x86.Build.0 = Release|x86
		{9C062AEC-B6F7-4612-BF5B-13EC4C3D266F}.Debug|Any CPU.ActiveCfg = Debug|Any CPU
		{9C062AEC-B6F7-4612-BF5B-13EC4C3D266F}.Debug|Any CPU.Build.0 = Debug|Any CPU
		{9C062AEC-B6F7-4612-BF5B-13EC4C3D266F}.Debug|Mixed Platforms.ActiveCfg = Debug|Any CPU
		{9C062AEC-B6F7-4612-BF5B-13EC4C3D266F}.Debug|Mixed Platforms.Build.0 = Debug|Any CPU
		{9C062AEC-B6F7-4612-BF5B-13EC4C3D266F}.Debug|x64.ActiveCfg = Debug|x64
		{9C062AEC-B6F7-4612-BF5B-13EC4C3D266F}.Debug|x64.Build.0 = Debug|x64
		{9C062AEC-B6F7-4612-BF5B-13EC4C3D266F}.Debug|x86.ActiveCfg = Debug|x86
		{9C062AEC-B6F7-4612-BF5B-13EC4C3D266F}.Release|Any CPU.ActiveCfg = Release|Any CPU
		{9C062AEC-B6F7-4612-BF5B-13EC4C3D266F}.Release|Any CPU.Build.0 = Release|Any CPU
		{9C062AEC-B6F7-4612-BF5B-13EC4C3D266F}.Release|Mixed Platforms.ActiveCfg = Release|Any CPU
		{9C062AEC-B6F7-4612-BF5B-13EC4C3D266F}.Release|Mixed Platforms.Build.0 = Release|Any CPU
		{9C062AEC-B6F7-4612-BF5B-13EC4C3D266F}.Release|x64.ActiveCfg = Release|x64
		{9C062AEC-B6F7-4612-BF5B-13EC4C3D266F}.Release|x64.Build.0 = Release|x64
		{9C062AEC-B6F7-4612-BF5B-13EC4C3D266F}.Release|x86.ActiveCfg = Release|x86
		{9C062AEC-B6F7-4612-BF5B-13EC4C3D266F}.Release|x86.Build.0 = Release|x86
		{0A962129-1F9E-447C-91D6-E5B5CC2E2077}.Debug|Any CPU.ActiveCfg = Debug|Any CPU
		{0A962129-1F9E-447C-91D6-E5B5CC2E2077}.Debug|Any CPU.Build.0 = Debug|Any CPU
		{0A962129-1F9E-447C-91D6-E5B5CC2E2077}.Debug|Mixed Platforms.ActiveCfg = Debug|Any CPU
		{0A962129-1F9E-447C-91D6-E5B5CC2E2077}.Debug|Mixed Platforms.Build.0 = Debug|Any CPU
		{0A962129-1F9E-447C-91D6-E5B5CC2E2077}.Debug|x64.ActiveCfg = Debug|x64
		{0A962129-1F9E-447C-91D6-E5B5CC2E2077}.Debug|x64.Build.0 = Debug|x64
		{0A962129-1F9E-447C-91D6-E5B5CC2E2077}.Debug|x86.ActiveCfg = Debug|x86
		{0A962129-1F9E-447C-91D6-E5B5CC2E2077}.Release|Any CPU.ActiveCfg = Release|Any CPU
		{0A962129-1F9E-447C-91D6-E5B5CC2E2077}.Release|Any CPU.Build.0 = Release|Any CPU
		{0A962129-1F9E-447C-91D6-E5B5CC2E2077}.Release|Mixed Platforms.ActiveCfg = Release|Any CPU
		{0A962129-1F9E-447C-91D6-E5B5CC2E2077}.Release|Mixed Platforms.Build.0 = Release|Any CPU
		{0A962129-1F9E-447C-91D6-E5B5CC2E2077}.Release|x64.ActiveCfg = Release|x64
		{0A962129-1F9E-447C-91D6-E5B5CC2E2077}.Release|x64.Build.0 = Release|x64
		{0A962129-1F9E-447C-91D6-E5B5CC2E2077}.Release|x86.ActiveCfg = Release|x86
		{0A962129-1F9E-447C-91D6-E5B5CC2E2077}.Release|x86.Build.0 = Release|x86
		{8AD97232-17CD-4874-868E-36BAC39648BE}.Debug|Any CPU.ActiveCfg = Debug|Any CPU
		{8AD97232-17CD-4874-868E-36BAC39648BE}.Debug|Any CPU.Build.0 = Debug|Any CPU
		{8AD97232-17CD-4874-868E-36BAC39648BE}.Debug|Mixed Platforms.ActiveCfg = Debug|Any CPU
		{8AD97232-17CD-4874-868E-36BAC39648BE}.Debug|Mixed Platforms.Build.0 = Debug|Any CPU
		{8AD97232-17CD-4874-868E-36BAC39648BE}.Debug|x64.ActiveCfg = Debug|x64
		{8AD97232-17CD-4874-868E-36BAC39648BE}.Debug|x64.Build.0 = Debug|x64
		{8AD97232-17CD-4874-868E-36BAC39648BE}.Debug|x86.ActiveCfg = Debug|x86
		{8AD97232-17CD-4874-868E-36BAC39648BE}.Release|Any CPU.ActiveCfg = Release|Any CPU
		{8AD97232-17CD-4874-868E-36BAC39648BE}.Release|Any CPU.Build.0 = Release|Any CPU
		{8AD97232-17CD-4874-868E-36BAC39648BE}.Release|Mixed Platforms.ActiveCfg = Release|Any CPU
		{8AD97232-17CD-4874-868E-36BAC39648BE}.Release|Mixed Platforms.Build.0 = Release|Any CPU
		{8AD97232-17CD-4874-868E-36BAC39648BE}.Release|x64.ActiveCfg = Release|x64
		{8AD97232-17CD-4874-868E-36BAC39648BE}.Release|x64.Build.0 = Release|x64
		{8AD97232-17CD-4874-868E-36BAC39648BE}.Release|x86.ActiveCfg = Release|x86
		{8AD97232-17CD-4874-868E-36BAC39648BE}.Release|x86.Build.0 = Release|x86
	EndGlobalSection
	GlobalSection(SolutionProperties) = preSolution
		HideSolutionNode = FALSE
	EndGlobalSection
EndGlobal
